PODS:
  - Alamofire (5.0.4)
  - Kingfisher (5.13.2):
    - Kingfisher/Core (= 5.13.2)
  - Kingfisher/Core (5.13.2)
  - PromiseKit (6.13.1):
    - PromiseKit/CorePromise (= 6.13.1)
    - PromiseKit/Foundation (= 6.13.1)
    - PromiseKit/UIKit (= 6.13.1)
  - PromiseKit/CorePromise (6.13.1)
  - PromiseKit/Foundation (6.13.1):
    - PromiseKit/CorePromise
  - PromiseKit/UIKit (6.13.1):
    - PromiseKit/CorePromise
  - SwiftyGif (5.2.0)

DEPENDENCIES:
  - Alamofire (~> 5.0)
  - Kingfisher (~> 5.0)
  - PromiseKit (~> 6.8)
  - SwiftyGif

SPEC REPOS:
  trunk:
    - Alamofire
    - Kingfisher
    - PromiseKit
    - SwiftyGif

SPEC CHECKSUMS:
  Alamofire: 0fe5fd24b4298dc377a6550da7d5f1b30e286fcb
  Kingfisher: d342c8354c10c3d85a27d6d4c42c41285924b898
  PromiseKit: 28fda91c973cc377875d8c0ea4f973013c05b6db
  SwiftyGif: b85c6b33a9411859d9e1db998b6a8214aea942df

PODFILE CHECKSUM: d630409eff6c958ff1bf816d1eacdfcc80adb2c0

COCOAPODS: 1.9.1
